{
	"name": "memorybox",
	"version": "0.0.0",
	"lockfileVersion": 3,
	"requires": true,
	"packages": {
		"": {
			"name": "memorybox",
			"version": "0.0.0",
			"license": "AGPL-3.0",
			"devDependencies": {
				"@react-native/typescript-config": "^0.87.1",
				"prettier": "3.9.9",
				"typescript": "~6.0.3"
			}
		},
		"node_modules/@react-native/typescript-config": {
			"version": "0.87.1",
			"resolved": "https://registry.npmjs.org/@react-native/typescript-config/-/typescript-config-0.87.1.tgz",
			"integrity": "sha512-AaPFOTglk3GJ7OWSS/vuF9I4qotm5IyazRIgITMwIdAk6JF7iDTec77UZRadUs5/08G593gnF78unedM3skn/Q==",
			"dev": true,
			"license": "MIT"
		},
		"node_modules/prettier": {
			"version": "3.9.9",
			"resolved": "https://registry.npmjs.org/prettier/-/prettier-3.9.9.tgz",
			"integrity": "sha512-Z/CJHIkdujO/OtN7nXUii0Rf3VT5SRuhjBA82Xvu2XhBUgX3nhP67T0LHceBdQLex7OOFGTox+Q5Yg8Jk2Qivg==",
			"dev": true,
			"license": "MIT",
			"bin": {
				"prettier": "bin/prettier.cjs"
			},
			"engines": {
				"node": ">=14"
			},
			"funding": {
				"url": "https://github.com/prettier/prettier?sponsor=1"
			}
		},
		"node_modules/typescript": {
			"version": "6.0.3",
			"resolved": "https://registry.npmjs.org/typescript/-/typescript-6.0.3.tgz",
			"integrity": "sha512-y2TvuxSZPDyQakkFRPZHKFm+KKVqIisdg9/CZwm9ftvKXLP8NRWj38/ODjNbr43SsoXqNuAisEf1GdCxqWcdBw==",
			"dev": true,
			"license": "Apache-2.0",
			"bin": {
				"tsc": "bin/tsc",
				"tsserver": "bin/tsserver"
			},
			"engines": {
				"node": ">=14.17"
			}
		}
	}
}
